
Microsoft Visual Studio Solution File, Format Version 12.00
# Visual Studio 15
VisualStudioVersion = 15.0.28010.2041
MinimumVisualStudioVersion = 10.0.40219.1
Project("{FAE04EC0-301F-11D3-BF4B-00C04F79EFBC}") = "momon2task", "momon2task\momon2task.csproj", "{2DFEA904-395A-490E-A01C-2DB6D10BC6DC}"
EndProject
Global
	GlobalSection(SolutionConfigurationPlatforms) = preSolution
		Debug|Any CPU = Debug|Any CPU
		Release|Any CPU = Release|Any CPU
	EndGlobalSection
	GlobalSection(ProjectConfigurationPlatforms) = postSolution
		{2DFEA904-395A-490E-A01C-2DB6D10BC6DC}.Debug|Any CPU.ActiveCfg = Debug|Any CPU
		{2DFEA904-395A-490E-A01C-2DB6D10BC6DC}.Debug|Any CPU.Build.0 = Debug|Any CPU
		{2DFEA904-395A-490E-A01C-2DB6D10BC6DC}.Release|Any CPU.ActiveCfg = Release|Any CPU
		{2DFEA904-395A-490E-A01C-2DB6D10BC6DC}.Release|Any CPU.Build.0 = Release|Any CPU
	EndGlobalSection
	GlobalSection(SolutionProperties) = preSolution
		HideSolutionNode = FALSE
	EndGlobalSection
	GlobalSection(ExtensibilityGlobals) = postSolution
		SolutionGuid = {EE810072-7693-45EA-BCC7-1A4002D55488}
	EndGlobalSection
EndGlobal
